
Microsoft Visual Studio Solution File, Format Version 12.00
# Visual Studio 14
VisualStudioVersion = 14.0.23107.0
MinimumVisualStudioVersion = 10.0.40219.1
Project("{9092AA53-FB77-4645-B42D-1CCCA6BD08BD}") = "HackerGamesVilnius", "HackerGamesVilnius\HackerGamesVilnius.njsproj", "{FC26E005-61A9-44FE-A97B-6965107F844D}"
EndProject
Global
	GlobalSection(SolutionConfigurationPlatforms) = preSolution
		Debug|Any CPU = Debug|Any CPU
		Release|Any CPU = Release|Any CPU
	EndGlobalSection
	GlobalSection(ProjectConfigurationPlatforms) = postSolution
		{FC26E005-61A9-44FE-A97B-6965107F844D}.Debug|Any CPU.ActiveCfg = Debug|Any CPU
		{FC26E005-61A9-44FE-A97B-6965107F844D}.Debug|Any CPU.Build.0 = Debug|Any CPU
		{FC26E005-61A9-44FE-A97B-6965107F844D}.Release|Any CPU.ActiveCfg = Release|Any CPU
		{FC26E005-61A9-44FE-A97B-6965107F844D}.Release|Any CPU.Build.0 = Release|Any CPU
	EndGlobalSection
	GlobalSection(SolutionProperties) = preSolution
		HideSolutionNode = FALSE
	EndGlobalSection
EndGlobal
